
Microsoft Visual Studio Solution File, Format Version 12.00
# Visual Studio 15
VisualStudioVersion = 15.0.28307.421
MinimumVisualStudioVersion = 10.0.40219.1
Project("{9A19103F-16F7-4668-BE54-9A1E7A4F7556}") = "SampleWeb", "SampleWeb\SampleWeb.csproj", "{BDFB0E20-9388-4280-90A0-6335BA685723}"
EndProject
Global
	GlobalSection(SolutionConfigurationPlatforms) = preSolution
		Debug|Any CPU = Debug|Any CPU
		Release|Any CPU = Release|Any CPU
	EndGlobalSection
	GlobalSection(ProjectConfigurationPlatforms) = postSolution
		{BDFB0E20-9388-4280-90A0-6335BA685723}.Debug|Any CPU.ActiveCfg = Debug|Any CPU
		{BDFB0E20-9388-4280-90A0-6335BA685723}.Debug|Any CPU.Build.0 = Debug|Any CPU
		{BDFB0E20-9388-4280-90A0-6335BA685723}.Release|Any CPU.ActiveCfg = Release|Any CPU
		{BDFB0E20-9388-4280-90A0-6335BA685723}.Release|Any CPU.Build.0 = Release|Any CPU
	EndGlobalSection
	GlobalSection(SolutionProperties) = preSolution
		HideSolutionNode = FALSE
	EndGlobalSection
	GlobalSection(ExtensibilityGlobals) = postSolution
		SolutionGuid = {42785C5E-D843-43C4-BB60-77F142D50EB0}
	EndGlobalSection
EndGlobal
